{
  "requires": true,
  "lockfileVersion": 1,
  "dependencies": {
    "react-select-country-list": {
      "version": "2.2.1",
      "resolved": "https://registry.npmjs.org/react-select-country-list/-/react-select-country-list-2.2.1.tgz",
      "integrity": "sha512-sH5/nV7J5QreB75iGSFFPjuSeHr0B1oDtSximzlZj/LXoVw47SsOv2WvzPhwYcHMwgXiLI+gvdXY9Cp0MGasjA=="
    },
    "yarn": {
      "version": "1.22.4",
      "resolved": "https://registry.npmjs.org/yarn/-/yarn-1.22.4.tgz",
      "integrity": "sha512-oYM7hi/lIWm9bCoDMEWgffW8aiNZXCWeZ1/tGy0DWrN6vmzjCXIKu2Y21o8DYVBUtiktwKcNoxyGl/2iKLUNGA=="
    }
  }
}
